// !$*UTF8*$!
{
	archiveVersion = 1;
	classes = {
	};
	objectVersion = 56;
	objects = {

/* Begin PBXBuildFile section */
		A268544A29C8677700DAF83B /* Debug in Resources */ = {isa = PBXBuildFile; fileRef = A268544829C8677700DAF83B /* Debug */; };
		A268544B29C8677700DAF83B /* Release in Resources */ = {isa = PBXBuildFile; fileRef = A268544929C8677700DAF83B /* Release */; };
		A268544F29C8679A00DAF83B /* path_provider_foundation.xcframework in Embed Frameworks */ = {isa = PBXBuildFile; fileRef = A268544C29C8679A00DAF83B /* path_provider_foundation.xcframework */; settings = {ATTRIBUTES = (CodeSignOnCopy, RemoveHeadersOnCopy, ); }; };
		A268545029C8679A00DAF83B /* App.xcframework in Embed Frameworks */ = {isa = PBXBuildFile; fileRef = A268544D29C8679A00DAF83B /* App.xcframework */; settings = {ATTRIBUTES = (CodeSignOnCopy, RemoveHeadersOnCopy, ); }; };
		A268545129C8679A00DAF83B /* FlutterPluginRegistrant.xcframework in Embed Frameworks */ = {isa = PBXBuildFile; fileRef = A268544E29C8679A00DAF83B /* FlutterPluginRegistrant.xcframework */; settings = {ATTRIBUTES = (CodeSignOnCopy, RemoveHeadersOnCopy, ); }; };
		A2F66E8F29C847E600C82777 /* AppDelegate.swift in Sources */ = {isa = PBXBuildFile; fileRef = A2F66E8E29C847E600C82777 /* AppDelegate.swift */; };
		A2F66E9129C847E600C82777 /* SceneDelegate.swift in Sources */ = {isa = PBXBuildFile; fileRef = A2F66E9029C847E600C82777 /* SceneDelegate.swift */; };
		A2F66E9329C847E600C82777 /* ViewController.swift in Sources */ = {isa = PBXBuildFile; fileRef = A2F66E9229C847E600C82777 /* ViewController.swift */; };
		A2F66E9629C847E600C82777 /* Main.storyboard in Resources */ = {isa = PBXBuildFile; fileRef = A2F66E9429C847E600C82777 /* Main.storyboard */; };
		A2F66E9829C847E800C82777 /* Assets.xcassets in Resources */ = {isa = PBXBuildFile; fileRef = A2F66E9729C847E800C82777 /* Assets.xcassets */; };
		A2F66E9B29C847E800C82777 /* LaunchScreen.storyboard in Resources */ = {isa = PBXBuildFile; fileRef = A2F66E9929C847E800C82777 /* LaunchScreen.storyboard */; };
/* End PBXBuildFile section */

/* Begin PBXCopyFilesBuildPhase section */
		A2F66EAA29C851F800C82777 /* Embed Frameworks */ = {
			isa = PBXCopyFilesBuildPhase;
			buildActionMask = 2147483647;
			dstPath = "";
			dstSubfolderSpec = 10;
			files = (
				A268544F29C8679A00DAF83B /* path_provider_foundation.xcframework in Embed Frameworks */,
				A268545029C8679A00DAF83B /* App.xcframework in Embed Frameworks */,
				A268545129C8679A00DAF83B /* FlutterPluginRegistrant.xcframework in Embed Frameworks */,
			);
			name = "Embed Frameworks";
			runOnlyForDeploymentPostprocessing = 0;
		};
/* End PBXCopyFilesBuildPhase section */

/* Begin PBXFileReference section */
		A268544829C8677700DAF83B /* Debug */ = {isa = PBXFileReference; lastKnownFileType = folder; name = Debug; path = "../app-flutter/build/ios/framework/Debug"; sourceTree = "<group>"; };
		A268544929C8677700DAF83B /* Release */ = {isa = PBXFileReference; lastKnownFileType = folder; name = Release; path = "../app-flutter/build/ios/framework/Release"; sourceTree = "<group>"; };
		A268544C29C8679A00DAF83B /* path_provider_foundation.xcframework */ = {isa = PBXFileReference; lastKnownFileType = wrapper.xcframework; name = path_provider_foundation.xcframework; path = "../app-flutter/build/ios/framework/Debug/path_provider_foundation.xcframework"; sourceTree = "<group>"; };
		A268544D29C8679A00DAF83B /* App.xcframework */ = {isa = PBXFileReference; lastKnownFileType = wrapper.xcframework; name = App.xcframework; path = "../app-flutter/build/ios/framework/Debug/App.xcframework"; sourceTree = "<group>"; };
		A268544E29C8679A00DAF83B /* FlutterPluginRegistrant.xcframework */ = {isa = PBXFileReference; lastKnownFileType = wrapper.xcframework; name = FlutterPluginRegistrant.xcframework; path = "../app-flutter/build/ios/framework/Debug/FlutterPluginRegistrant.xcframework"; sourceTree = "<group>"; };
		A2F66E8B29C847E600C82777 /* app-ios.app */ = {isa = PBXFileReference; explicitFileType = wrapper.application; includeInIndex = 0; path = "app-ios.app"; sourceTree = BUILT_PRODUCTS_DIR; };
		A2F66E8E29C847E600C82777 /* AppDelegate.swift */ = {isa = PBXFileReference; lastKnownFileType = sourcecode.swift; path = AppDelegate.swift; sourceTree = "<group>"; };
		A2F66E9029C847E600C82777 /* SceneDelegate.swift */ = {isa = PBXFileReference; lastKnownFileType = sourcecode.swift; path = SceneDelegate.swift; sourceTree = "<group>"; };
		A2F66E9229C847E600C82777 /* ViewController.swift */ = {isa = PBXFileReference; lastKnownFileType = sourcecode.swift; path = ViewController.swift; sourceTree = "<group>"; };
		A2F66E9529C847E600C82777 /* Base */ = {isa = PBXFileReference; lastKnownFileType = file.storyboard; name = Base; path = Base.lproj/Main.storyboard; sourceTree = "<group>"; };
		A2F66E9729C847E800C82777 /* Assets.xcassets */ = {isa = PBXFileReference; lastKnownFileType = folder.assetcatalog; path = Assets.xcassets; sourceTree = "<group>"; };
		A2F66E9A29C847E800C82777 /* Base */ = {isa = PBXFileReference; lastKnownFileType = file.storyboard; name = Base; path = Base.lproj/LaunchScreen.storyboard; sourceTree = "<group>"; };
		A2F66E9C29C847E800C82777 /* Info.plist */ = {isa = PBXFileReference; lastKnownFileType = text.plist.xml; path = Info.plist; sourceTree = "<group>"; };
/* End PBXFileReference section */

/* Begin PBXFrameworksBuildPhase section */
		A2F66E8829C847E600C82777 /* Frameworks */ = {
			isa = PBXFrameworksBuildPhase;
			buildActionMask = 2147483647;
			files = (
			);
			runOnlyForDeploymentPostprocessing = 0;
		};
/* End PBXFrameworksBuildPhase section */

/* Begin PBXGroup section */
		A2F66E8229C847E600C82777 = {
			isa = PBXGroup;
			children = (
				A268544D29C8679A00DAF83B /* App.xcframework */,
				A268544E29C8679A00DAF83B /* FlutterPluginRegistrant.xcframework */,
				A268544C29C8679A00DAF83B /* path_provider_foundation.xcframework */,
				A268544829C8677700DAF83B /* Debug */,
				A268544929C8677700DAF83B /* Release */,
				A2F66E8D29C847E600C82777 /* app-ios */,
				A2F66E8C29C847E600C82777 /* Products */,
			);
			sourceTree = "<group>";
		};
		A2F66E8C29C847E600C82777 /* Products */ = {
			isa = PBXGroup;
			children = (
				A2F66E8B29C847E600C82777 /* app-ios.app */,
			);
			name = Products;
			sourceTree = "<group>";
		};
		A2F66E8D29C847E600C82777 /* app-ios */ = {
			isa = PBXGroup;
			children = (
				A2F66E8E29C847E600C82777 /* AppDelegate.swift */,
				A2F66E9029C847E600C82777 /* SceneDelegate.swift */,
				A2F66E9229C847E600C82777 /* ViewController.swift */,
				A2F66E9429C847E600C82777 /* Main.storyboard */,
				A2F66E9729C847E800C82777 /* Assets.xcassets */,
				A2F66E9929C847E800C82777 /* LaunchScreen.storyboard */,
				A2F66E9C29C847E800C82777 /* Info.plist */,
			);
			path = "app-ios";
			sourceTree = "<group>";
		};
/* End PBXGroup section */

/* Begin PBXNativeTarget section */
		A2F66E8A29C847E600C82777 /* app-ios */ = {
			isa = PBXNativeTarget;
			buildConfigurationList = A2F66E9F29C847E800C82777 /* Build configuration list for PBXNativeTarget "app-ios" */;
			buildPhases = (
				A2F66E8729C847E600C82777 /* Sources */,
				A2F66E8829C847E600C82777 /* Frameworks */,
				A2F66E8929C847E600C82777 /* Resources */,
				A2F66EAA29C851F800C82777 /* Embed Frameworks */,
			);
			buildRules = (
			);
			dependencies = (
			);
			name = "app-ios";
			productName = "app-ios";
			productReference = A2F66E8B29C847E600C82777 /* app-ios.app */;
			productType = "com.apple.product-type.application";
		};
/* End PBXNativeTarget section */

/* Begin PBXProject section */
		A2F66E8329C847E600C82777 /* Project object */ = {
			isa = PBXProject;
			attributes = {
				BuildIndependentTargetsInParallel = 1;
				LastSwiftUpdateCheck = 1420;
				LastUpgradeCheck = 1420;
				TargetAttributes = {
					A2F66E8A29C847E600C82777 = {
						CreatedOnToolsVersion = 14.2;
					};
				};
			};
			buildConfigurationList = A2F66E8629C847E600C82777 /* Build configuration list for PBXProject "app-ios" */;
			compatibilityVersion = "Xcode 14.0";
			developmentRegion = en;
			hasScannedForEncodings = 0;
			knownRegions = (
				en,
				Base,
			);
			mainGroup = A2F66E8229C847E600C82777;
			productRefGroup = A2F66E8C29C847E600C82777 /* Products */;
			projectDirPath = "";
			projectRoot = "";
			targets = (
				A2F66E8A29C847E600C82777 /* app-ios */,
			);
		};
/* End PBXProject section */

/* Begin PBXResourcesBuildPhase section */
		A2F66E8929C847E600C82777 /* Resources */ = {
			isa = PBXResourcesBuildPhase;
			buildActionMask = 2147483647;
			files = (
				A268544B29C8677700DAF83B /* Release in Resources */,
				A268544A29C8677700DAF83B /* Debug in Resources */,
				A2F66E9B29C847E800C82777 /* LaunchScreen.storyboard in Resources */,
				A2F66E9829C847E800C82777 /* Assets.xcassets in Resources */,
				A2F66E9629C847E600C82777 /* Main.storyboard in Resources */,
			);
			runOnlyForDeploymentPostprocessing = 0;
		};
/* End PBXResourcesBuildPhase section */

/* Begin PBXSourcesBuildPhase section */
		A2F66E8729C847E600C82777 /* Sources */ = {
			isa = PBXSourcesBuildPhase;
			buildActionMask = 2147483647;
			files = (
				A2F66E9329C847E600C82777 /* ViewController.swift in Sources */,
				A2F66E8F29C847E600C82777 /* AppDelegate.swift in Sources */,
				A2F66E9129C847E600C82777 /* SceneDelegate.swift in Sources */,
			);
			runOnlyForDeploymentPostprocessing = 0;
		};
/* End PBXSourcesBuildPhase section */

/* Begin PBXVariantGroup section */
		A2F66E9429C847E600C82777 /* Main.storyboard */ = {
			isa = PBXVariantGroup;
			children = (
				A2F66E9529C847E600C82777 /* Base */,
			);
			name = Main.storyboard;
			sourceTree = "<group>";
		};
		A2F66E9929C847E800C82777 /* LaunchScreen.storyboard */ = {
			isa = PBXVariantGroup;
			children = (
				A2F66E9A29C847E800C82777 /* Base */,
			);
			name = LaunchScreen.storyboard;
			sourceTree = "<group>";
		};
/* End PBXVariantGroup section */

/* Begin XCBuildConfiguration section */
		A2F66E9D29C847E800C82777 /* Debug */ = {
			isa = XCBuildConfiguration;
			buildSettings = {
				ALWAYS_SEARCH_USER_PATHS = NO;
				CLANG_ANALYZER_NONNULL = YES;
				CLANG_ANALYZER_NUMBER_OBJECT_CONVERSION = YES_AGGRESSIVE;
				CLANG_CXX_LANGUAGE_STANDARD = "gnu++20";
				CLANG_ENABLE_MODULES = YES;
				CLANG_ENABLE_OBJC_ARC = YES;
				CLANG_ENABLE_OBJC_WEAK = YES;
				CLANG_WARN_BLOCK_CAPTURE_AUTORELEASING = YES;
				CLANG_WARN_BOOL_CONVERSION = YES;
				CLANG_WARN_COMMA = YES;
				CLANG_WARN_CONSTANT_CONVERSION = YES;
				CLANG_WARN_DEPRECATED_OBJC_IMPLEMENTATIONS = YES;
				CLANG_WARN_DIRECT_OBJC_ISA_USAGE = YES_ERROR;
				CLANG_WARN_DOCUMENTATION_COMMENTS = YES;
				CLANG_WARN_EMPTY_BODY = YES;
				CLANG_WARN_ENUM_CONVERSION = YES;
				CLANG_WARN_INFINITE_RECURSION = YES;
				CLANG_WARN_INT_CONVERSION = YES;
				CLANG_WARN_NON_LITERAL_NULL_CONVERSION = YES;
				CLANG_WARN_OBJC_IMPLICIT_RETAIN_SELF = YES;
				CLANG_WARN_OBJC_LITERAL_CONVERSION = YES;
				CLANG_WARN_OBJC_ROOT_CLASS = YES_ERROR;
				CLANG_WARN_QUOTED_INCLUDE_IN_FRAMEWORK_HEADER = YES;
				CLANG_WARN_RANGE_LOOP_ANALYSIS = YES;
				CLANG_WARN_STRICT_PROTOTYPES = YES;
				CLANG_WARN_SUSPICIOUS_MOVE = YES;
				CLANG_WARN_UNGUARDED_AVAILABILITY = YES_AGGRESSIVE;
				CLANG_WARN_UNREACHABLE_CODE = YES;
				CLANG_WARN__DUPLICATE_METHOD_MATCH = YES;
				COPY_PHASE_STRIP = NO;
				DEBUG_INFORMATION_FORMAT = dwarf;
				ENABLE_STRICT_OBJC_MSGSEND = YES;
				ENABLE_TESTABILITY = YES;
				GCC_C_LANGUAGE_STANDARD = gnu11;
				GCC_DYNAMIC_NO_PIC = NO;
				GCC_NO_COMMON_BLOCKS = YES;
				GCC_OPTIMIZATION_LEVEL = 0;
				GCC_PREPROCESSOR_DEFINITIONS = (
					"DEBUG=1",
					"$(inherited)",
				);
				GCC_WARN_64_TO_32_BIT_CONVERSION = YES;
				GCC_WARN_ABOUT_RETURN_TYPE = YES_ERROR;
				GCC_WARN_UNDECLARED_SELECTOR = YES;
				GCC_WARN_UNINITIALIZED_AUTOS = YES_AGGRESSIVE;
				GCC_WARN_UNUSED_FUNCTION = YES;
				GCC_WARN_UNUSED_VARIABLE = YES;
				IPHONEOS_DEPLOYMENT_TARGET = 16.2;
				MTL_ENABLE_DEBUG_INFO = INCLUDE_SOURCE;
				MTL_FAST_MATH = YES;
				ONLY_ACTIVE_ARCH = YES;
				SDKROOT = iphoneos;
				SWIFT_ACTIVE_COMPILATION_CONDITIONS = DEBUG;
				SWIFT_OPTIMIZATION_LEVEL = "-Onone";
			};
			name = Debug;
		};
		A2F66E9E29C847E800C82777 /* Release */ = {
			isa = XCBuildConfiguration;
			buildSettings = {
				ALWAYS_SEARCH_USER_PATHS = NO;
				CLANG_ANALYZER_NONNULL = YES;
				CLANG_ANALYZER_NUMBER_OBJECT_CONVERSION = YES_AGGRESSIVE;
				CLANG_CXX_LANGUAGE_STANDARD = "gnu++20";
				CLANG_ENABLE_MODULES = YES;
				CLANG_ENABLE_OBJC_ARC = YES;
				CLANG_ENABLE_OBJC_WEAK = YES;
				CLANG_WARN_BLOCK_CAPTURE_AUTORELEASING = YES;
				CLANG_WARN_BOOL_CONVERSION = YES;
				CLANG_WARN_COMMA = YES;
				CLANG_WARN_CONSTANT_CONVERSION = YES;
				CLANG_WARN_DEPRECATED_OBJC_IMPLEMENTATIONS = YES;
				CLANG_WARN_DIRECT_OBJC_ISA_USAGE = YES_ERROR;
				CLANG_WARN_DOCUMENTATION_COMMENTS = YES;
				CLANG_WARN_EMPTY_BODY = YES;
				CLANG_WARN_ENUM_CONVERSION = YES;
				CLANG_WARN_INFINITE_RECURSION = YES;
				CLANG_WARN_INT_CONVERSION = YES;
				CLANG_WARN_NON_LITERAL_NULL_CONVERSION = YES;
				CLANG_WARN_OBJC_IMPLICIT_RETAIN_SELF = YES;
				CLANG_WARN_OBJC_LITERAL_CONVERSION = YES;
				CLANG_WARN_OBJC_ROOT_CLASS = YES_ERROR;
				CLANG_WARN_QUOTED_INCLUDE_IN_FRAMEWORK_HEADER = YES;
				CLANG_WARN_RANGE_LOOP_ANALYSIS = YES;
				CLANG_WARN_STRICT_PROTOTYPES = YES;
				CLANG_WARN_SUSPICIOUS_MOVE = YES;
				CLANG_WARN_UNGUARDED_AVAILABILITY = YES_AGGRESSIVE;
				CLANG_WARN_UNREACHABLE_CODE = YES;
				CLANG_WARN__DUPLICATE_METHOD_MATCH = YES;
				COPY_PHASE_STRIP = NO;
				DEBUG_INFORMATION_FORMAT = "dwarf-with-dsym";
				ENABLE_NS_ASSERTIONS = NO;
				ENABLE_STRICT_OBJC_MSGSEND = YES;
				GCC_C_LANGUAGE_STANDARD = gnu11;
				GCC_NO_COMMON_BLOCKS = YES;
				GCC_WARN_64_TO_32_BIT_CONVERSION = YES;
				GCC_WARN_ABOUT_RETURN_TYPE = YES_ERROR;
				GCC_WARN_UNDECLARED_SELECTOR = YES;
				GCC_WARN_UNINITIALIZED_AUTOS = YES_AGGRESSIVE;
				GCC_WARN_UNUSED_FUNCTION = YES;
				GCC_WARN_UNUSED_VARIABLE = YES;
				IPHONEOS_DEPLOYMENT_TARGET = 16.2;
				MTL_ENABLE_DEBUG_INFO = NO;
				MTL_FAST_MATH = YES;
				SDKROOT = iphoneos;
				SWIFT_COMPILATION_MODE = wholemodule;
				SWIFT_OPTIMIZATION_LEVEL = "-O";
				VALIDATE_PRODUCT = YES;
			};
			name = Release;
		};
		A2F66EA029C847E800C82777 /* Debug */ = {
			isa = XCBuildConfiguration;
			buildSettings = {
				ASSETCATALOG_COMPILER_APPICON_NAME = AppIcon;
				ASSETCATALOG_COMPILER_GLOBAL_ACCENT_COLOR_NAME = AccentColor;
				CODE_SIGN_STYLE = Automatic;
				CURRENT_PROJECT_VERSION = 1;
				DEVELOPMENT_TEAM = X588X6VJHH;
				FRAMEWORK_SEARCH_PATHS = "$(SRCROOT)/Debug";
				GENERATE_INFOPLIST_FILE = YES;
				INFOPLIST_FILE = "app-ios/Info.plist";
				INFOPLIST_KEY_UIApplicationSupportsIndirectInputEvents = YES;
				INFOPLIST_KEY_UILaunchStoryboardName = LaunchScreen;
				INFOPLIST_KEY_UIMainStoryboardFile = Main;
				INFOPLIST_KEY_UISupportedInterfaceOrientations_iPad = "UIInterfaceOrientationPortrait UIInterfaceOrientationPortraitUpsideDown UIInterfaceOrientationLandscapeLeft UIInterfaceOrientationLandscapeRight";
				INFOPLIST_KEY_UISupportedInterfaceOrientations_iPhone = "UIInterfaceOrientationPortrait UIInterfaceOrientationLandscapeLeft UIInterfaceOrientationLandscapeRight";
				LD_RUNPATH_SEARCH_PATHS = (
					"$(inherited)",
					"@executable_path/Frameworks",
				);
				MARKETING_VERSION = 1.0;
				PRODUCT_BUNDLE_IDENTIFIER = "io.tecnodev.app-ios";
				PRODUCT_NAME = "$(TARGET_NAME)";
				SWIFT_EMIT_LOC_STRINGS = YES;
				SWIFT_VERSION = 5.0;
				TARGETED_DEVICE_FAMILY = "1,2";
			};
			name = Debug;
		};
		A2F66EA129C847E800C82777 /* Release */ = {
			isa = XCBuildConfiguration;
			buildSettings = {
				ASSETCATALOG_COMPILER_APPICON_NAME = AppIcon;
				ASSETCATALOG_COMPILER_GLOBAL_ACCENT_COLOR_NAME = AccentColor;
				CODE_SIGN_STYLE = Automatic;
				CURRENT_PROJECT_VERSION = 1;
				DEVELOPMENT_TEAM = X588X6VJHH;
				FRAMEWORK_SEARCH_PATHS = "$(SRCROOT)/Release";
				GENERATE_INFOPLIST_FILE = YES;
				INFOPLIST_FILE = "app-ios/Info.plist";
				INFOPLIST_KEY_UIApplicationSupportsIndirectInputEvents = YES;
				INFOPLIST_KEY_UILaunchStoryboardName = LaunchScreen;
				INFOPLIST_KEY_UIMainStoryboardFile = Main;
				INFOPLIST_KEY_UISupportedInterfaceOrientations_iPad = "UIInterfaceOrientationPortrait UIInterfaceOrientationPortraitUpsideDown UIInterfaceOrientationLandscapeLeft UIInterfaceOrientationLandscapeRight";
				INFOPLIST_KEY_UISupportedInterfaceOrientations_iPhone = "UIInterfaceOrientationPortrait UIInterfaceOrientationLandscapeLeft UIInterfaceOrientationLandscapeRight";
				LD_RUNPATH_SEARCH_PATHS = (
					"$(inherited)",
					"@executable_path/Frameworks",
				);
				MARKETING_VERSION = 1.0;
				PRODUCT_BUNDLE_IDENTIFIER = "io.tecnodev.app-ios";
				PRODUCT_NAME = "$(TARGET_NAME)";
				SWIFT_EMIT_LOC_STRINGS = YES;
				SWIFT_VERSION = 5.0;
				TARGETED_DEVICE_FAMILY = "1,2";
			};
			name = Release;
		};
/* End XCBuildConfiguration section */

/* Begin XCConfigurationList section */
		A2F66E8629C847E600C82777 /* Build configuration list for PBXProject "app-ios" */ = {
			isa = XCConfigurationList;
			buildConfigurations = (
				A2F66E9D29C847E800C82777 /* Debug */,
				A2F66E9E29C847E800C82777 /* Release */,
			);
			defaultConfigurationIsVisible = 0;
			defaultConfigurationName = Release;
		};
		A2F66E9F29C847E800C82777 /* Build configuration list for PBXNativeTarget "app-ios" */ = {
			isa = XCConfigurationList;
			buildConfigurations = (
				A2F66EA029C847E800C82777 /* Debug */,
				A2F66EA129C847E800C82777 /* Release */,
			);
			defaultConfigurationIsVisible = 0;
			defaultConfigurationName = Release;
		};
/* End XCConfigurationList section */
	};
	rootObject = A2F66E8329C847E600C82777 /* Project object */;
}
