// !$*UTF8*$!
{
	archiveVersion = 1;
	classes = {
	};
	objectVersion = 55;
	objects = {

/* Begin PBXBuildFile section */
		139274D2BAF877566D3726E4 /* Pods_stockpricechange.framework in Frameworks */ = {isa = PBXBuildFile; fileRef = 93A57B5D5B599A63277C02DD /* Pods_stockpricechange.framework */; };
		A00DD07129911E36004EF808 /* AppDelegate.swift in Sources */ = {isa = PBXBuildFile; fileRef = A00DD07029911E36004EF808 /* AppDelegate.swift */; };
		A00DD07329911E36004EF808 /* SceneDelegate.swift in Sources */ = {isa = PBXBuildFile; fileRef = A00DD07229911E36004EF808 /* SceneDelegate.swift */; };
		A00DD07529911E36004EF808 /* ViewController.swift in Sources */ = {isa = PBXBuildFile; fileRef = A00DD07429911E36004EF808 /* ViewController.swift */; };
		A00DD07829911E36004EF808 /* Main.storyboard in Resources */ = {isa = PBXBuildFile; fileRef = A00DD07629911E36004EF808 /* Main.storyboard */; };
		A00DD07A29911E38004EF808 /* Assets.xcassets in Resources */ = {isa = PBXBuildFile; fileRef = A00DD07929911E38004EF808 /* Assets.xcassets */; };
		A00DD07D29911E38004EF808 /* LaunchScreen.storyboard in Resources */ = {isa = PBXBuildFile; fileRef = A00DD07B29911E38004EF808 /* LaunchScreen.storyboard */; };
		A01AE1EB29913372006A6EB6 /* api.m in Sources */ = {isa = PBXBuildFile; fileRef = A01AE1EA29913372006A6EB6 /* api.m */; };
/* End PBXBuildFile section */

/* Begin PBXFileReference section */
		6D625E9D73E13E1F3B9FAE8C /* Pods-stockpricechange.debug.xcconfig */ = {isa = PBXFileReference; includeInIndex = 1; lastKnownFileType = text.xcconfig; name = "Pods-stockpricechange.debug.xcconfig"; path = "Target Support Files/Pods-stockpricechange/Pods-stockpricechange.debug.xcconfig"; sourceTree = "<group>"; };
		93A57B5D5B599A63277C02DD /* Pods_stockpricechange.framework */ = {isa = PBXFileReference; explicitFileType = wrapper.framework; includeInIndex = 0; path = Pods_stockpricechange.framework; sourceTree = BUILT_PRODUCTS_DIR; };
		A00DD06D29911E36004EF808 /* stockpricechange.app */ = {isa = PBXFileReference; explicitFileType = wrapper.application; includeInIndex = 0; path = stockpricechange.app; sourceTree = BUILT_PRODUCTS_DIR; };
		A00DD07029911E36004EF808 /* AppDelegate.swift */ = {isa = PBXFileReference; lastKnownFileType = sourcecode.swift; path = AppDelegate.swift; sourceTree = "<group>"; };
		A00DD07229911E36004EF808 /* SceneDelegate.swift */ = {isa = PBXFileReference; lastKnownFileType = sourcecode.swift; path = SceneDelegate.swift; sourceTree = "<group>"; };
		A00DD07429911E36004EF808 /* ViewController.swift */ = {isa = PBXFileReference; lastKnownFileType = sourcecode.swift; path = ViewController.swift; sourceTree = "<group>"; };
		A00DD07729911E36004EF808 /* Base */ = {isa = PBXFileReference; lastKnownFileType = file.storyboard; name = Base; path = Base.lproj/Main.storyboard; sourceTree = "<group>"; };
		A00DD07929911E38004EF808 /* Assets.xcassets */ = {isa = PBXFileReference; lastKnownFileType = folder.assetcatalog; path = Assets.xcassets; sourceTree = "<group>"; };
		A00DD07C29911E38004EF808 /* Base */ = {isa = PBXFileReference; lastKnownFileType = file.storyboard; name = Base; path = Base.lproj/LaunchScreen.storyboard; sourceTree = "<group>"; };
		A00DD07E29911E38004EF808 /* Info.plist */ = {isa = PBXFileReference; lastKnownFileType = text.plist.xml; path = Info.plist; sourceTree = "<group>"; };
		A01AE1E829913371006A6EB6 /* stockpricechange-Bridging-Header.h */ = {isa = PBXFileReference; lastKnownFileType = sourcecode.c.h; path = "stockpricechange-Bridging-Header.h"; sourceTree = "<group>"; };
		A01AE1E929913372006A6EB6 /* api.h */ = {isa = PBXFileReference; fileEncoding = 4; lastKnownFileType = sourcecode.c.h; path = api.h; sourceTree = "<group>"; };
		A01AE1EA29913372006A6EB6 /* api.m */ = {isa = PBXFileReference; fileEncoding = 4; lastKnownFileType = sourcecode.c.objc; path = api.m; sourceTree = "<group>"; };
		A7165DDE943E0A1C13D0D0E4 /* Pods-stockpricechange.release.xcconfig */ = {isa = PBXFileReference; includeInIndex = 1; lastKnownFileType = text.xcconfig; name = "Pods-stockpricechange.release.xcconfig"; path = "Target Support Files/Pods-stockpricechange/Pods-stockpricechange.release.xcconfig"; sourceTree = "<group>"; };
/* End PBXFileReference section */

/* Begin PBXFrameworksBuildPhase section */
		A00DD06A29911E36004EF808 /* Frameworks */ = {
			isa = PBXFrameworksBuildPhase;
			buildActionMask = 2147483647;
			files = (
				139274D2BAF877566D3726E4 /* Pods_stockpricechange.framework in Frameworks */,
			);
			runOnlyForDeploymentPostprocessing = 0;
		};
/* End PBXFrameworksBuildPhase section */

/* Begin PBXGroup section */
		A00DD06429911E36004EF808 = {
			isa = PBXGroup;
			children = (
				A00DD06F29911E36004EF808 /* stockpricechange */,
				A00DD06E29911E36004EF808 /* Products */,
				B1A50C0FEE2B46DBCBDFFFE8 /* Pods */,
				D0EC0B88460C4DCAA27F2176 /* Frameworks */,
			);
			sourceTree = "<group>";
		};
		A00DD06E29911E36004EF808 /* Products */ = {
			isa = PBXGroup;
			children = (
				A00DD06D29911E36004EF808 /* stockpricechange.app */,
			);
			name = Products;
			sourceTree = "<group>";
		};
		A00DD06F29911E36004EF808 /* stockpricechange */ = {
			isa = PBXGroup;
			children = (
				A01AE1E929913372006A6EB6 /* api.h */,
				A01AE1EA29913372006A6EB6 /* api.m */,
				A00DD07029911E36004EF808 /* AppDelegate.swift */,
				A00DD07229911E36004EF808 /* SceneDelegate.swift */,
				A00DD07429911E36004EF808 /* ViewController.swift */,
				A00DD07629911E36004EF808 /* Main.storyboard */,
				A00DD07929911E38004EF808 /* Assets.xcassets */,
				A00DD07B29911E38004EF808 /* LaunchScreen.storyboard */,
				A00DD07E29911E38004EF808 /* Info.plist */,
				A01AE1E829913371006A6EB6 /* stockpricechange-Bridging-Header.h */,
			);
			path = stockpricechange;
			sourceTree = "<group>";
		};
		B1A50C0FEE2B46DBCBDFFFE8 /* Pods */ = {
			isa = PBXGroup;
			children = (
				6D625E9D73E13E1F3B9FAE8C /* Pods-stockpricechange.debug.xcconfig */,
				A7165DDE943E0A1C13D0D0E4 /* Pods-stockpricechange.release.xcconfig */,
			);
			path = Pods;
			sourceTree = "<group>";
		};
		D0EC0B88460C4DCAA27F2176 /* Frameworks */ = {
			isa = PBXGroup;
			children = (
				93A57B5D5B599A63277C02DD /* Pods_stockpricechange.framework */,
			);
			name = Frameworks;
			sourceTree = "<group>";
		};
/* End PBXGroup section */

/* Begin PBXNativeTarget section */
		A00DD06C29911E36004EF808 /* stockpricechange */ = {
			isa = PBXNativeTarget;
			buildConfigurationList = A00DD08129911E38004EF808 /* Build configuration list for PBXNativeTarget "stockpricechange" */;
			buildPhases = (
				D6618604F4768AE1CF389A20 /* [CP] Check Pods Manifest.lock */,
				BD766E102B2B696DE14E63D7 /* [CP-User] Run Flutter Build flutter_module_stockpricechange Script */,
				A00DD06929911E36004EF808 /* Sources */,
				A00DD06A29911E36004EF808 /* Frameworks */,
				A00DD06B29911E36004EF808 /* Resources */,
				E702F66A7ACC3179AD0ED31C /* [CP] Embed Pods Frameworks */,
				45E59FEFAEE17C237A6AB409 /* [CP-User] Embed Flutter Build flutter_module_stockpricechange Script */,
			);
			buildRules = (
			);
			dependencies = (
			);
			name = stockpricechange;
			productName = stockpricechange;
			productReference = A00DD06D29911E36004EF808 /* stockpricechange.app */;
			productType = "com.apple.product-type.application";
		};
/* End PBXNativeTarget section */

/* Begin PBXProject section */
		A00DD06529911E36004EF808 /* Project object */ = {
			isa = PBXProject;
			attributes = {
				BuildIndependentTargetsInParallel = 1;
				LastSwiftUpdateCheck = 1340;
				LastUpgradeCheck = 1340;
				TargetAttributes = {
					A00DD06C29911E36004EF808 = {
						CreatedOnToolsVersion = 13.4.1;
						LastSwiftMigration = 1340;
					};
				};
			};
			buildConfigurationList = A00DD06829911E36004EF808 /* Build configuration list for PBXProject "stockpricechange" */;
			compatibilityVersion = "Xcode 13.0";
			developmentRegion = en;
			hasScannedForEncodings = 0;
			knownRegions = (
				en,
				Base,
			);
			mainGroup = A00DD06429911E36004EF808;
			productRefGroup = A00DD06E29911E36004EF808 /* Products */;
			projectDirPath = "";
			projectRoot = "";
			targets = (
				A00DD06C29911E36004EF808 /* stockpricechange */,
			);
		};
/* End PBXProject section */

/* Begin PBXResourcesBuildPhase section */
		A00DD06B29911E36004EF808 /* Resources */ = {
			isa = PBXResourcesBuildPhase;
			buildActionMask = 2147483647;
			files = (
				A00DD07D29911E38004EF808 /* LaunchScreen.storyboard in Resources */,
				A00DD07A29911E38004EF808 /* Assets.xcassets in Resources */,
				A00DD07829911E36004EF808 /* Main.storyboard in Resources */,
			);
			runOnlyForDeploymentPostprocessing = 0;
		};
/* End PBXResourcesBuildPhase section */

/* Begin PBXShellScriptBuildPhase section */
		45E59FEFAEE17C237A6AB409 /* [CP-User] Embed Flutter Build flutter_module_stockpricechange Script */ = {
			isa = PBXShellScriptBuildPhase;
			buildActionMask = 2147483647;
			files = (
			);
			name = "[CP-User] Embed Flutter Build flutter_module_stockpricechange Script";
			runOnlyForDeploymentPostprocessing = 0;
			shellPath = /bin/sh;
			shellScript = "set -e\nset -u\nsource \"${SRCROOT}/../flutter_module_stockpricechange/.ios/Flutter/flutter_export_environment.sh\"\nexport VERBOSE_SCRIPT_LOGGING=1 && \"$FLUTTER_ROOT\"/packages/flutter_tools/bin/xcode_backend.sh embed_and_thin";
		};
		BD766E102B2B696DE14E63D7 /* [CP-User] Run Flutter Build flutter_module_stockpricechange Script */ = {
			isa = PBXShellScriptBuildPhase;
			buildActionMask = 2147483647;
			files = (
			);
			name = "[CP-User] Run Flutter Build flutter_module_stockpricechange Script";
			runOnlyForDeploymentPostprocessing = 0;
			shellPath = /bin/sh;
			shellScript = "set -e\nset -u\nsource \"${SRCROOT}/../flutter_module_stockpricechange/.ios/Flutter/flutter_export_environment.sh\"\nexport VERBOSE_SCRIPT_LOGGING=1 && \"$FLUTTER_ROOT\"/packages/flutter_tools/bin/xcode_backend.sh build";
		};
		D6618604F4768AE1CF389A20 /* [CP] Check Pods Manifest.lock */ = {
			isa = PBXShellScriptBuildPhase;
			buildActionMask = 2147483647;
			files = (
			);
			inputFileListPaths = (
			);
			inputPaths = (
				"${PODS_PODFILE_DIR_PATH}/Podfile.lock",
				"${PODS_ROOT}/Manifest.lock",
			);
			name = "[CP] Check Pods Manifest.lock";
			outputFileListPaths = (
			);
			outputPaths = (
				"$(DERIVED_FILE_DIR)/Pods-stockpricechange-checkManifestLockResult.txt",
			);
			runOnlyForDeploymentPostprocessing = 0;
			shellPath = /bin/sh;
			shellScript = "diff \"${PODS_PODFILE_DIR_PATH}/Podfile.lock\" \"${PODS_ROOT}/Manifest.lock\" > /dev/null\nif [ $? != 0 ] ; then\n    # print error to STDERR\n    echo \"error: The sandbox is not in sync with the Podfile.lock. Run 'pod install' or update your CocoaPods installation.\" >&2\n    exit 1\nfi\n# This output is used by Xcode 'outputs' to avoid re-running this script phase.\necho \"SUCCESS\" > \"${SCRIPT_OUTPUT_FILE_0}\"\n";
			showEnvVarsInLog = 0;
		};
		E702F66A7ACC3179AD0ED31C /* [CP] Embed Pods Frameworks */ = {
			isa = PBXShellScriptBuildPhase;
			buildActionMask = 2147483647;
			files = (
			);
			inputFileListPaths = (
				"${PODS_ROOT}/Target Support Files/Pods-stockpricechange/Pods-stockpricechange-frameworks-${CONFIGURATION}-input-files.xcfilelist",
			);
			name = "[CP] Embed Pods Frameworks";
			outputFileListPaths = (
				"${PODS_ROOT}/Target Support Files/Pods-stockpricechange/Pods-stockpricechange-frameworks-${CONFIGURATION}-output-files.xcfilelist",
			);
			runOnlyForDeploymentPostprocessing = 0;
			shellPath = /bin/sh;
			shellScript = "\"${PODS_ROOT}/Target Support Files/Pods-stockpricechange/Pods-stockpricechange-frameworks.sh\"\n";
			showEnvVarsInLog = 0;
		};
/* End PBXShellScriptBuildPhase section */

/* Begin PBXSourcesBuildPhase section */
		A00DD06929911E36004EF808 /* Sources */ = {
			isa = PBXSourcesBuildPhase;
			buildActionMask = 2147483647;
			files = (
				A00DD07529911E36004EF808 /* ViewController.swift in Sources */,
				A00DD07129911E36004EF808 /* AppDelegate.swift in Sources */,
				A01AE1EB29913372006A6EB6 /* api.m in Sources */,
				A00DD07329911E36004EF808 /* SceneDelegate.swift in Sources */,
			);
			runOnlyForDeploymentPostprocessing = 0;
		};
/* End PBXSourcesBuildPhase section */

/* Begin PBXVariantGroup section */
		A00DD07629911E36004EF808 /* Main.storyboard */ = {
			isa = PBXVariantGroup;
			children = (
				A00DD07729911E36004EF808 /* Base */,
			);
			name = Main.storyboard;
			sourceTree = "<group>";
		};
		A00DD07B29911E38004EF808 /* LaunchScreen.storyboard */ = {
			isa = PBXVariantGroup;
			children = (
				A00DD07C29911E38004EF808 /* Base */,
			);
			name = LaunchScreen.storyboard;
			sourceTree = "<group>";
		};
/* End PBXVariantGroup section */

/* Begin XCBuildConfiguration section */
		A00DD07F29911E38004EF808 /* Debug */ = {
			isa = XCBuildConfiguration;
			buildSettings = {
				ALWAYS_SEARCH_USER_PATHS = NO;
				CLANG_ANALYZER_NONNULL = YES;
				CLANG_ANALYZER_NUMBER_OBJECT_CONVERSION = YES_AGGRESSIVE;
				CLANG_CXX_LANGUAGE_STANDARD = "gnu++17";
				CLANG_ENABLE_MODULES = YES;
				CLANG_ENABLE_OBJC_ARC = YES;
				CLANG_ENABLE_OBJC_WEAK = YES;
				CLANG_WARN_BLOCK_CAPTURE_AUTORELEASING = YES;
				CLANG_WARN_BOOL_CONVERSION = YES;
				CLANG_WARN_COMMA = YES;
				CLANG_WARN_CONSTANT_CONVERSION = YES;
				CLANG_WARN_DEPRECATED_OBJC_IMPLEMENTATIONS = YES;
				CLANG_WARN_DIRECT_OBJC_ISA_USAGE = YES_ERROR;
				CLANG_WARN_DOCUMENTATION_COMMENTS = YES;
				CLANG_WARN_EMPTY_BODY = YES;
				CLANG_WARN_ENUM_CONVERSION = YES;
				CLANG_WARN_INFINITE_RECURSION = YES;
				CLANG_WARN_INT_CONVERSION = YES;
				CLANG_WARN_NON_LITERAL_NULL_CONVERSION = YES;
				CLANG_WARN_OBJC_IMPLICIT_RETAIN_SELF = YES;
				CLANG_WARN_OBJC_LITERAL_CONVERSION = YES;
				CLANG_WARN_OBJC_ROOT_CLASS = YES_ERROR;
				CLANG_WARN_QUOTED_INCLUDE_IN_FRAMEWORK_HEADER = YES;
				CLANG_WARN_RANGE_LOOP_ANALYSIS = YES;
				CLANG_WARN_STRICT_PROTOTYPES = YES;
				CLANG_WARN_SUSPICIOUS_MOVE = YES;
				CLANG_WARN_UNGUARDED_AVAILABILITY = YES_AGGRESSIVE;
				CLANG_WARN_UNREACHABLE_CODE = YES;
				CLANG_WARN__DUPLICATE_METHOD_MATCH = YES;
				COPY_PHASE_STRIP = NO;
				DEBUG_INFORMATION_FORMAT = dwarf;
				ENABLE_STRICT_OBJC_MSGSEND = YES;
				ENABLE_TESTABILITY = YES;
				GCC_C_LANGUAGE_STANDARD = gnu11;
				GCC_DYNAMIC_NO_PIC = NO;
				GCC_NO_COMMON_BLOCKS = YES;
				GCC_OPTIMIZATION_LEVEL = 0;
				GCC_PREPROCESSOR_DEFINITIONS = (
					"DEBUG=1",
					"$(inherited)",
				);
				GCC_WARN_64_TO_32_BIT_CONVERSION = YES;
				GCC_WARN_ABOUT_RETURN_TYPE = YES_ERROR;
				GCC_WARN_UNDECLARED_SELECTOR = YES;
				GCC_WARN_UNINITIALIZED_AUTOS = YES_AGGRESSIVE;
				GCC_WARN_UNUSED_FUNCTION = YES;
				GCC_WARN_UNUSED_VARIABLE = YES;
				IPHONEOS_DEPLOYMENT_TARGET = 15.5;
				MTL_ENABLE_DEBUG_INFO = INCLUDE_SOURCE;
				MTL_FAST_MATH = YES;
				ONLY_ACTIVE_ARCH = YES;
				SDKROOT = iphoneos;
				SWIFT_ACTIVE_COMPILATION_CONDITIONS = DEBUG;
				SWIFT_OPTIMIZATION_LEVEL = "-Onone";
			};
			name = Debug;
		};
		A00DD08029911E38004EF808 /* Release */ = {
			isa = XCBuildConfiguration;
			buildSettings = {
				ALWAYS_SEARCH_USER_PATHS = NO;
				CLANG_ANALYZER_NONNULL = YES;
				CLANG_ANALYZER_NUMBER_OBJECT_CONVERSION = YES_AGGRESSIVE;
				CLANG_CXX_LANGUAGE_STANDARD = "gnu++17";
				CLANG_ENABLE_MODULES = YES;
				CLANG_ENABLE_OBJC_ARC = YES;
				CLANG_ENABLE_OBJC_WEAK = YES;
				CLANG_WARN_BLOCK_CAPTURE_AUTORELEASING = YES;
				CLANG_WARN_BOOL_CONVERSION = YES;
				CLANG_WARN_COMMA = YES;
				CLANG_WARN_CONSTANT_CONVERSION = YES;
				CLANG_WARN_DEPRECATED_OBJC_IMPLEMENTATIONS = YES;
				CLANG_WARN_DIRECT_OBJC_ISA_USAGE = YES_ERROR;
				CLANG_WARN_DOCUMENTATION_COMMENTS = YES;
				CLANG_WARN_EMPTY_BODY = YES;
				CLANG_WARN_ENUM_CONVERSION = YES;
				CLANG_WARN_INFINITE_RECURSION = YES;
				CLANG_WARN_INT_CONVERSION = YES;
				CLANG_WARN_NON_LITERAL_NULL_CONVERSION = YES;
				CLANG_WARN_OBJC_IMPLICIT_RETAIN_SELF = YES;
				CLANG_WARN_OBJC_LITERAL_CONVERSION = YES;
				CLANG_WARN_OBJC_ROOT_CLASS = YES_ERROR;
				CLANG_WARN_QUOTED_INCLUDE_IN_FRAMEWORK_HEADER = YES;
				CLANG_WARN_RANGE_LOOP_ANALYSIS = YES;
				CLANG_WARN_STRICT_PROTOTYPES = YES;
				CLANG_WARN_SUSPICIOUS_MOVE = YES;
				CLANG_WARN_UNGUARDED_AVAILABILITY = YES_AGGRESSIVE;
				CLANG_WARN_UNREACHABLE_CODE = YES;
				CLANG_WARN__DUPLICATE_METHOD_MATCH = YES;
				COPY_PHASE_STRIP = NO;
				DEBUG_INFORMATION_FORMAT = "dwarf-with-dsym";
				ENABLE_NS_ASSERTIONS = NO;
				ENABLE_STRICT_OBJC_MSGSEND = YES;
				GCC_C_LANGUAGE_STANDARD = gnu11;
				GCC_NO_COMMON_BLOCKS = YES;
				GCC_WARN_64_TO_32_BIT_CONVERSION = YES;
				GCC_WARN_ABOUT_RETURN_TYPE = YES_ERROR;
				GCC_WARN_UNDECLARED_SELECTOR = YES;
				GCC_WARN_UNINITIALIZED_AUTOS = YES_AGGRESSIVE;
				GCC_WARN_UNUSED_FUNCTION = YES;
				GCC_WARN_UNUSED_VARIABLE = YES;
				IPHONEOS_DEPLOYMENT_TARGET = 15.5;
				MTL_ENABLE_DEBUG_INFO = NO;
				MTL_FAST_MATH = YES;
				SDKROOT = iphoneos;
				SWIFT_COMPILATION_MODE = wholemodule;
				SWIFT_OPTIMIZATION_LEVEL = "-O";
				VALIDATE_PRODUCT = YES;
			};
			name = Release;
		};
		A00DD08229911E38004EF808 /* Debug */ = {
			isa = XCBuildConfiguration;
			baseConfigurationReference = 6D625E9D73E13E1F3B9FAE8C /* Pods-stockpricechange.debug.xcconfig */;
			buildSettings = {
				ASSETCATALOG_COMPILER_APPICON_NAME = AppIcon;
				ASSETCATALOG_COMPILER_GLOBAL_ACCENT_COLOR_NAME = AccentColor;
				CLANG_ENABLE_MODULES = YES;
				CODE_SIGN_STYLE = Automatic;
				CURRENT_PROJECT_VERSION = 1;
				DEVELOPMENT_TEAM = 4JM369B565;
				GENERATE_INFOPLIST_FILE = YES;
				INFOPLIST_FILE = stockpricechange/Info.plist;
				INFOPLIST_KEY_UIApplicationSupportsIndirectInputEvents = YES;
				INFOPLIST_KEY_UILaunchStoryboardName = LaunchScreen;
				INFOPLIST_KEY_UIMainStoryboardFile = Main;
				INFOPLIST_KEY_UISupportedInterfaceOrientations_iPad = "UIInterfaceOrientationPortrait UIInterfaceOrientationPortraitUpsideDown UIInterfaceOrientationLandscapeLeft UIInterfaceOrientationLandscapeRight";
				INFOPLIST_KEY_UISupportedInterfaceOrientations_iPhone = "UIInterfaceOrientationPortrait UIInterfaceOrientationLandscapeLeft UIInterfaceOrientationLandscapeRight";
				LD_RUNPATH_SEARCH_PATHS = (
					"$(inherited)",
					"@executable_path/Frameworks",
				);
				MARKETING_VERSION = 1.0;
				PRODUCT_BUNDLE_IDENTIFIER = com.lucasmbraz.stockpricechange;
				PRODUCT_NAME = "$(TARGET_NAME)";
				SWIFT_EMIT_LOC_STRINGS = YES;
				SWIFT_OBJC_BRIDGING_HEADER = "stockpricechange/stockpricechange-Bridging-Header.h";
				SWIFT_OPTIMIZATION_LEVEL = "-Onone";
				SWIFT_VERSION = 5.0;
				TARGETED_DEVICE_FAMILY = "1,2";
			};
			name = Debug;
		};
		A00DD08329911E38004EF808 /* Release */ = {
			isa = XCBuildConfiguration;
			baseConfigurationReference = A7165DDE943E0A1C13D0D0E4 /* Pods-stockpricechange.release.xcconfig */;
			buildSettings = {
				ASSETCATALOG_COMPILER_APPICON_NAME = AppIcon;
				ASSETCATALOG_COMPILER_GLOBAL_ACCENT_COLOR_NAME = AccentColor;
				CLANG_ENABLE_MODULES = YES;
				CODE_SIGN_STYLE = Automatic;
				CURRENT_PROJECT_VERSION = 1;
				DEVELOPMENT_TEAM = 4JM369B565;
				GENERATE_INFOPLIST_FILE = YES;
				INFOPLIST_FILE = stockpricechange/Info.plist;
				INFOPLIST_KEY_UIApplicationSupportsIndirectInputEvents = YES;
				INFOPLIST_KEY_UILaunchStoryboardName = LaunchScreen;
				INFOPLIST_KEY_UIMainStoryboardFile = Main;
				INFOPLIST_KEY_UISupportedInterfaceOrientations_iPad = "UIInterfaceOrientationPortrait UIInterfaceOrientationPortraitUpsideDown UIInterfaceOrientationLandscapeLeft UIInterfaceOrientationLandscapeRight";
				INFOPLIST_KEY_UISupportedInterfaceOrientations_iPhone = "UIInterfaceOrientationPortrait UIInterfaceOrientationLandscapeLeft UIInterfaceOrientationLandscapeRight";
				LD_RUNPATH_SEARCH_PATHS = (
					"$(inherited)",
					"@executable_path/Frameworks",
				);
				MARKETING_VERSION = 1.0;
				PRODUCT_BUNDLE_IDENTIFIER = com.lucasmbraz.stockpricechange;
				PRODUCT_NAME = "$(TARGET_NAME)";
				SWIFT_EMIT_LOC_STRINGS = YES;
				SWIFT_OBJC_BRIDGING_HEADER = "stockpricechange/stockpricechange-Bridging-Header.h";
				SWIFT_VERSION = 5.0;
				TARGETED_DEVICE_FAMILY = "1,2";
			};
			name = Release;
		};
/* End XCBuildConfiguration section */

/* Begin XCConfigurationList section */
		A00DD06829911E36004EF808 /* Build configuration list for PBXProject "stockpricechange" */ = {
			isa = XCConfigurationList;
			buildConfigurations = (
				A00DD07F29911E38004EF808 /* Debug */,
				A00DD08029911E38004EF808 /* Release */,
			);
			defaultConfigurationIsVisible = 0;
			defaultConfigurationName = Release;
		};
		A00DD08129911E38004EF808 /* Build configuration list for PBXNativeTarget "stockpricechange" */ = {
			isa = XCConfigurationList;
			buildConfigurations = (
				A00DD08229911E38004EF808 /* Debug */,
				A00DD08329911E38004EF808 /* Release */,
			);
			defaultConfigurationIsVisible = 0;
			defaultConfigurationName = Release;
		};
/* End XCConfigurationList section */
	};
	rootObject = A00DD06529911E36004EF808 /* Project object */;
}
